<?xml version="1.0" encoding="utf-8"?>
<Project ToolsVersion="4.0" xmlns="http://schemas.microsoft.com/developer/msbuild/2003">
  <ItemGroup>
    <Filter Include="Source Files">
      <UniqueIdentifier>{4FC737F1-C7A5-4376-A066-2A32D752A2FF}</UniqueIdentifier>
      <Extensions>cpp;c;cc;cxx;def;odl;idl;hpj;bat;asm;asmx</Extensions>
    </Filter>
    <Filter Include="Header Files">
      <UniqueIdentifier>{93995380-89BD-4b04-88EB-625FBE52EBFB}</UniqueIdentifier>
      <Extensions>h;hh;hpp;hxx;hm;inl;inc;xsd</Extensions>
    </Filter>
    <Filter Include="Resource Files">
      <UniqueIdentifier>{67DA6AB6-F800-4c08-8B7A-83BB121AAD01}</UniqueIdentifier>
      <Extensions>rc;ico;cur;bmp;dlg;rc2;rct;bin;rgs;gif;jpg;jpeg;jpe;resx;tiff;tif;png;wav;mfcribbon-ms</Extensions>
    </Filter>
    <Filter Include="Header Files\Engine">
      <UniqueIdentifier>{60e9fdc6-db90-491f-92fc-3e63a25c07b6}</UniqueIdentifier>
    </Filter>
    <Filter Include="Source Files\Engine">
      <UniqueIdentifier>{8bb86282-3cbc-4975-81ac-5008e7112775}</UniqueIdentifier>
    </Filter>
    <Filter Include="Assets">
      <UniqueIdentifier>{06911628-f326-49d3-b9aa-473c638eb9fe}</UniqueIdentifier>
    </Filter>
    <Filter Include="Assets\Data">
      <UniqueIdentifier>{6605f431-49f7-42e9-87a6-e764590115d7}</UniqueIdentifier>
    </Filter>
    <Filter Include="Assets\Data\Collision">
      <UniqueIdentifier>{2e1d93ac-5f8a-4623-af30-0ad36d68aa78}</UniqueIdentifier>
    </Filter>
    <Filter Include="Assets\Data\Level">
      <UniqueIdentifier>{b8a35182-34aa-46b1-83cb-cec2effafb2b}</UniqueIdentifier>
    </Filter>
    <Filter Include="Assets\Data\Spritesheet">
      <UniqueIdentifier>{9dfccbf5-2e80-4754-a1c9-36186506a5d7}</UniqueIdentifier>
    </Filter>
    <Filter Include="Saves">
      <UniqueIdentifier>{df57c692-8c83-40f2-b49e-d0367b84fb44}</UniqueIdentifier>
    </Filter>
    <Filter Include="Assets\Data\Master">
      <UniqueIdentifier>{36cb4b88-e08b-4d74-b3e1-d669ca395ca6}</UniqueIdentifier>
    </Filter>
    <Filter Include="Assets\Data\Event">
      <UniqueIdentifier>{72411a6e-b542-4100-92c0-d2caa93002d1}</UniqueIdentifier>
    </Filter>
    <Filter Include="Assets\Data\Render">
      <UniqueIdentifier>{6959c56d-062f-46f4-99f6-1287741780e4}</UniqueIdentifier>
    </Filter>
    <Filter Include="Assets\Data\Menu">
      <UniqueIdentifier>{088aef39-5629-413d-9029-f247817549c5}</UniqueIdentifier>
    </Filter>
    <Filter Include="Source Files\Menus">
      <UniqueIdentifier>{94b77780-fead-4dc3-9c3a-cd6d01528fd8}</UniqueIdentifier>
    </Filter>
    <Filter Include="Header Files\Menus">
      <UniqueIdentifier>{421308dc-93d3-4d7a-9965-68c631b03845}</UniqueIdentifier>
    </Filter>
  </ItemGroup>
  <ItemGroup>
    <ClInclude Include="AABB.h">
      <Filter>Header Files\Engine</Filter>
    </ClInclude>
    <ClInclude Include="Vector2.h">
      <Filter>Header Files\Engine</Filter>
    </ClInclude>
    <ClInclude Include="GameState.h">
      <Filter>Header Files\Engine</Filter>
    </ClInclude>
    <ClInclude Include="CollisionMap.h">
      <Filter>Header Files</Filter>
    </ClInclude>
    <ClInclude Include="GameObject.h">
      <Filter>Header Files</Filter>
    </ClInclude>
    <ClInclude Include="MovingPlatform.h">
      <Filter>Header Files</Filter>
    </ClInclude>
    <ClInclude Include="Helpers.h">
      <Filter>Header Files\Engine</Filter>
    </ClInclude>
    <ClInclude Include="Platformer.h">
      <Filter>Header Files</Filter>
    </ClInclude>
    <ClInclude Include="Level.h">
      <Filter>Header Files</Filter>
    </ClInclude>
    <ClInclude Include="Spawner.h">
      <Filter>Header Files</Filter>
    </ClInclude>
    <ClInclude Include="Attack.h">
      <Filter>Header Files</Filter>
    </ClInclude>
    <ClInclude Include="Player.h">
      <Filter>Header Files</Filter>
    </ClInclude>
    <ClInclude Include="Engine.h">
      <Filter>Header Files\Engine</Filter>
    </ClInclude>
    <ClInclude Include="Enemy.h">
      <Filter>Header Files</Filter>
    </ClInclude>
    <ClInclude Include="ScriptedAction.h">
      <Filter>Header Files</Filter>
    </ClInclude>
    <ClInclude Include="Spritesheet.h">
      <Filter>Header Files\Engine</Filter>
    </ClInclude>
    <ClInclude Include="Weapon.h">
      <Filter>Header Files</Filter>
    </ClInclude>
    <ClInclude Include="UI.h">
      <Filter>Header Files</Filter>
    </ClInclude>
    <ClInclude Include="Event.h">
      <Filter>Header Files</Filter>
    </ClInclude>
    <ClInclude Include="Settings.h">
      <Filter>Header Files</Filter>
    </ClInclude>
    <ClInclude Include="resource.h">
      <Filter>Header Files</Filter>
    </ClInclude>
    <ClInclude Include="MainMenu.h">
      <Filter>Header Files\Menus</Filter>
    </ClInclude>
    <ClInclude Include="InputMapper.h">
      <Filter>Header Files\Menus</Filter>
    </ClInclude>
    <ClInclude Include="Customizer.h">
      <Filter>Header Files\Menus</Filter>
    </ClInclude>
    <ClInclude Include="SaveData.h">
      <Filter>Header Files</Filter>
    </ClInclude>
    <ClInclude Include="Items.h">
      <Filter>Header Files</Filter>
    </ClInclude>
    <ClInclude Include="Bestiary.h">
      <Filter>Header Files\Menus</Filter>
    </ClInclude>
    <ClInclude Include="LevelSelect.h">
      <Filter>Header Files\Menus</Filter>
    </ClInclude>
    <ClInclude Include="SettingsMenu.h">
      <Filter>Header Files\Menus</Filter>
    </ClInclude>
    <ClInclude Include="StatsMenu.h">
      <Filter>Header Files\Menus</Filter>
    </ClInclude>
    <ClInclude Include="ResultsScreen.h">
      <Filter>Header Files\Menus</Filter>
    </ClInclude>
    <ClInclude Include="CharacterSelect.h">
      <Filter>Header Files\Menus</Filter>
    </ClInclude>
  </ItemGroup>
  <ItemGroup>
    <ClCompile Include="AABB.cpp">
      <Filter>Source Files\Engine</Filter>
    </ClCompile>
    <ClCompile Include="Vector2.cpp">
      <Filter>Source Files\Engine</Filter>
    </ClCompile>
    <ClCompile Include="GameState.cpp">
      <Filter>Source Files\Engine</Filter>
    </ClCompile>
    <ClCompile Include="CollisionMap.cpp">
      <Filter>Source Files</Filter>
    </ClCompile>
    <ClCompile Include="GameObject.cpp">
      <Filter>Source Files</Filter>
    </ClCompile>
    <ClCompile Include="MovingPlatform.cpp">
      <Filter>Source Files</Filter>
    </ClCompile>
    <ClCompile Include="Attack.cpp">
      <Filter>Source Files</Filter>
    </ClCompile>
    <ClCompile Include="ScriptedAction.cpp">
      <Filter>Source Files</Filter>
    </ClCompile>
    <ClCompile Include="Helpers.cpp">
      <Filter>Source Files\Engine</Filter>
    </ClCompile>
    <ClCompile Include="main.cpp">
      <Filter>Source Files</Filter>
    </ClCompile>
    <ClCompile Include="Platformer.cpp">
      <Filter>Source Files</Filter>
    </ClCompile>
    <ClCompile Include="Level.cpp">
      <Filter>Source Files</Filter>
    </ClCompile>
    <ClCompile Include="Spawner.cpp">
      <Filter>Source Files</Filter>
    </ClCompile>
    <ClCompile Include="Player.cpp">
      <Filter>Source Files</Filter>
    </ClCompile>
    <ClCompile Include="Engine.cpp">
      <Filter>Source Files\Engine</Filter>
    </ClCompile>
    <ClCompile Include="Enemy.cpp">
      <Filter>Source Files</Filter>
    </ClCompile>
    <ClCompile Include="Spritesheet.cpp">
      <Filter>Source Files\Engine</Filter>
    </ClCompile>
    <ClCompile Include="Weapon.cpp">
      <Filter>Source Files</Filter>
    </ClCompile>
    <ClCompile Include="UI.cpp">
      <Filter>Source Files</Filter>
    </ClCompile>
    <ClCompile Include="Event.cpp">
      <Filter>Source Files</Filter>
    </ClCompile>
    <ClCompile Include="Settings.cpp">
      <Filter>Source Files</Filter>
    </ClCompile>
    <ClCompile Include="InputMapper.cpp">
      <Filter>Source Files\Menus</Filter>
    </ClCompile>
    <ClCompile Include="MainMenu.cpp">
      <Filter>Source Files\Menus</Filter>
    </ClCompile>
    <ClCompile Include="Customizer.cpp">
      <Filter>Source Files\Menus</Filter>
    </ClCompile>
    <ClCompile Include="SaveData.cpp">
      <Filter>Source Files</Filter>
    </ClCompile>
    <ClCompile Include="Bestiary.cpp">
      <Filter>Source Files\Menus</Filter>
    </ClCompile>
    <ClCompile Include="Items.cpp">
      <Filter>Source Files</Filter>
    </ClCompile>
    <ClCompile Include="LevelSelect.cpp">
      <Filter>Source Files\Menus</Filter>
    </ClCompile>
    <ClCompile Include="SettingsMenu.cpp">
      <Filter>Source Files\Menus</Filter>
    </ClCompile>
    <ClCompile Include="StatsMenu.cpp">
      <Filter>Source Files\Menus</Filter>
    </ClCompile>
    <ClCompile Include="ResultsScreen.cpp">
      <Filter>Source Files\Menus</Filter>
    </ClCompile>
    <ClCompile Include="CharacterSelect.cpp">
      <Filter>Source Files\Menus</Filter>
    </ClCompile>
  </ItemGroup>
  <ItemGroup>
    <Text Include="Assets\Data\Collision\TestCollision.plCOL">
      <Filter>Assets\Data\Collision</Filter>
    </Text>
    <Text Include="Assets\Data\Spritesheet\Player.plSPS">
      <Filter>Assets\Data\Spritesheet</Filter>
    </Text>
    <Text Include="Saves\Preferences.ini">
      <Filter>Saves</Filter>
    </Text>
    <Text Include="Saves\UISettings.plUI">
      <Filter>Saves</Filter>
    </Text>
    <Text Include="Assets\Data\Master\Vent.plETY">
      <Filter>Assets\Data\Master</Filter>
    </Text>
    <Text Include="Assets\Data\Spritesheet\Empty.plSPS">
      <Filter>Assets\Data\Spritesheet</Filter>
    </Text>
    <Text Include="Assets\Data\Spritesheet\EmplacementDown.plSPS">
      <Filter>Assets\Data\Spritesheet</Filter>
    </Text>
    <Text Include="Assets\Data\Spritesheet\EmplacementRight.plSPS">
      <Filter>Assets\Data\Spritesheet</Filter>
    </Text>
    <Text Include="Assets\Data\Spritesheet\Beam.plSPS">
      <Filter>Assets\Data\Spritesheet</Filter>
    </Text>
    <Text Include="Assets\Data\Spritesheet\Fan.plSPS">
      <Filter>Assets\Data\Spritesheet</Filter>
    </Text>
    <Text Include="Assets\Data\Render\TestGround.plLFG">
      <Filter>Assets\Data\Render</Filter>
    </Text>
    <Text Include="Saves\LastSave.txt">
      <Filter>Saves</Filter>
    </Text>
  </ItemGroup>
  <ItemGroup>
    <None Include="Assets\Data\Level\TestLevel.plLVL">
      <Filter>Assets\Data\Level</Filter>
    </None>
    <None Include="Assets\Data\Spritesheet\Bullet.plSPS">
      <Filter>Assets\Data\Spritesheet</Filter>
    </None>
    <None Include="Assets\Data\Master\Player.plETY">
      <Filter>Assets\Data\Master</Filter>
    </None>
    <None Include="Assets\Data\Master\TestMaster.plMST">
      <Filter>Assets\Data\Master</Filter>
    </None>
    <None Include="Assets\Data\Spritesheet\Fireball.plSPS">
      <Filter>Assets\Data\Spritesheet</Filter>
    </None>
    <None Include="Assets\Data\Spritesheet\Turret.plSPS">
      <Filter>Assets\Data\Spritesheet</Filter>
    </None>
    <None Include="Assets\Data\Event\TestEvent.plEVT">
      <Filter>Assets\Data\Event</Filter>
    </None>
    <None Include="Assets\Data\Spritesheet\PlayerKO.plSPS">
      <Filter>Assets\Data\Spritesheet</Filter>
    </None>
    <None Include="Assets\Data\Render\TestTiles.plTLM">
      <Filter>Assets\Data\Render</Filter>
    </None>
    <None Include="Assets\Data\Menu\Customizer.plMNU">
      <Filter>Assets\Data\Menu</Filter>
    </None>
    <None Include="Assets\Data\Level\Test2Level.plLVL">
      <Filter>Assets\Data\Level</Filter>
    </None>
    <None Include="Assets\Data\Collision\Test2Collision.plCOL">
      <Filter>Assets\Data\Collision</Filter>
    </None>
    <None Include="Assets\Data\Render\Test2Tiles.plTLM">
      <Filter>Assets\Data\Render</Filter>
    </None>
    <None Include="Assets\Data\Event\Test2Event.plEVT">
      <Filter>Assets\Data\Event</Filter>
    </None>
    <None Include="Assets\Data\Render\Test2Ground.plLFG">
      <Filter>Assets\Data\Render</Filter>
    </None>
    <None Include="Assets\Data\Spritesheet\Mover.plSPS">
      <Filter>Assets\Data\Spritesheet</Filter>
    </None>
    <None Include="Assets\Data\Spritesheet\Alien.plSPS">
      <Filter>Assets\Data\Spritesheet</Filter>
    </None>
    <None Include="Saves\Customization.plCTM">
      <Filter>Saves</Filter>
    </None>
    <None Include="Assets\Data\Menu\InputMapper.plMNU">
      <Filter>Assets\Data\Menu</Filter>
    </None>
    <None Include="Assets\Data\Menu\Main.plMNU">
      <Filter>Assets\Data\Menu</Filter>
    </None>
    <None Include="Assets\Data\Spritesheet\Item.plSPS">
      <Filter>Assets\Data\Spritesheet</Filter>
    </None>
    <None Include="Assets\Data\Menu\GameOver.plSPL">
      <Filter>Assets\Data\Menu</Filter>
    </None>
    <None Include="Assets\Data\Spritesheet\Damsel.plSPS">
      <Filter>Assets\Data\Spritesheet</Filter>
    </None>
    <None Include="Assets\Data\Spritesheet\Snuggler.plSPS">
      <Filter>Assets\Data\Spritesheet</Filter>
    </None>
    <None Include="Assets\Data\Collision\BossCollision.plCOL">
      <Filter>Assets\Data\Collision</Filter>
    </None>
    <None Include="Assets\Data\Level\BossLevel.plLVL">
      <Filter>Assets\Data\Level</Filter>
    </None>
    <None Include="Assets\Data\Render\BossTile.plTLM">
      <Filter>Assets\Data\Render</Filter>
    </None>
    <None Include="Assets\Data\Event\BossEvent.plEVT">
      <Filter>Assets\Data\Event</Filter>
    </None>
    <None Include="Assets\Data\Render\BossGround.plLFG">
      <Filter>Assets\Data\Render</Filter>
    </None>
    <None Include="Assets\Data\Menu\Bestiary.plMNU">
      <Filter>Assets\Data\Menu</Filter>
    </None>
    <None Include="Saves\Bestiary.plBST">
      <Filter>Saves</Filter>
    </None>
    <None Include="Assets\Data\Collision\Test3Collision.plCOL">
      <Filter>Assets\Data\Collision</Filter>
    </None>
    <None Include="Assets\Data\Level\Test3Level.plLVL">
      <Filter>Assets\Data\Level</Filter>
    </None>
    <None Include="Assets\Data\Render\Test3Tile.plTLM">
      <Filter>Assets\Data\Render</Filter>
    </None>
    <None Include="Assets\Data\Render\Test3Ground.plLFG">
      <Filter>Assets\Data\Render</Filter>
    </None>
    <None Include="Assets\Data\Event\Test3Event.plEVT">
      <Filter>Assets\Data\Event</Filter>
    </None>
    <None Include="Assets\Data\Spritesheet\AlienBoss.plSPS">
      <Filter>Assets\Data\Spritesheet</Filter>
    </None>
    <None Include="Assets\Data\Master\BossMaster.plMST">
      <Filter>Assets\Data\Master</Filter>
    </None>
    <None Include="Assets\Data\Collision\Test4Collision.plCOL">
      <Filter>Assets\Data\Collision</Filter>
    </None>
    <None Include="Assets\Data\Event\Test4Event.plEVT">
      <Filter>Assets\Data\Event</Filter>
    </None>
    <None Include="Assets\Data\Level\Test4Level.plLVL">
      <Filter>Assets\Data\Level</Filter>
    </None>
    <None Include="Assets\Data\Render\Test4Tile.plTLM">
      <Filter>Assets\Data\Render</Filter>
    </None>
    <None Include="Assets\Data\Render\Test4Ground.plLFG">
      <Filter>Assets\Data\Render</Filter>
    </None>
    <None Include="Assets\Data\Menu\LevelSelect.plMNU">
      <Filter>Assets\Data\Menu</Filter>
    </None>
    <None Include="Saves\Levels.plLVS">
      <Filter>Saves</Filter>
    </None>
    <None Include="Assets\Data\Menu\Settings.plMNU">
      <Filter>Assets\Data\Menu</Filter>
    </None>
    <None Include="Assets\Data\Collision\MummyCollision.plCOL">
      <Filter>Assets\Data\Collision</Filter>
    </None>
    <None Include="Assets\Data\Level\MummyLevel.plLVL">
      <Filter>Assets\Data\Level</Filter>
    </None>
    <None Include="Assets\Data\Render\MummyTile.plTLM">
      <Filter>Assets\Data\Render</Filter>
    </None>
    <None Include="Assets\Data\Render\MummyGround.plLFG">
      <Filter>Assets\Data\Render</Filter>
    </None>
    <None Include="Assets\Data\Event\MummyEvent.plEVT">
      <Filter>Assets\Data\Event</Filter>
    </None>
    <None Include="Assets\Data\Menu\Stats.plMNU">
      <Filter>Assets\Data\Menu</Filter>
    </None>
    <None Include="Assets\Data\Master\Handcannon.plWPN">
      <Filter>Assets\Data\Master</Filter>
    </None>
    <None Include="Assets\Data\Master\Phaser.plWPN">
      <Filter>Assets\Data\Master</Filter>
    </None>
    <None Include="Assets\Data\Spritesheet\Torch.plSPS">
      <Filter>Assets\Data\Spritesheet</Filter>
    </None>
    <None Include="Assets\Data\Collision\Mummy3Collision.plCOL">
      <Filter>Assets\Data\Collision</Filter>
    </None>
    <None Include="Assets\Data\Level\Mummy3Level.plLVL">
      <Filter>Assets\Data\Level</Filter>
    </None>
    <None Include="Assets\Data\Render\Mummy3Ground.plLFG">
      <Filter>Assets\Data\Render</Filter>
    </None>
    <None Include="Assets\Data\Render\Mummy3Tile.plTLM">
      <Filter>Assets\Data\Render</Filter>
    </None>
    <None Include="Assets\Data\Event\Mummy3Event.plEVT">
      <Filter>Assets\Data\Event</Filter>
    </None>
    <None Include="Assets\Data\Master\Wall1.plETY">
      <Filter>Assets\Data\Master</Filter>
    </None>
    <None Include="Assets\Data\Master\Wall2.plETY">
      <Filter>Assets\Data\Master</Filter>
    </None>
    <None Include="Assets\Data\Master\Wall3.plETY">
      <Filter>Assets\Data\Master</Filter>
    </None>
    <None Include="Assets\Data\Spritesheet\Empty32.plSPS">
      <Filter>Assets\Data\Spritesheet</Filter>
    </None>
    <None Include="Assets\Data\Master\MummyMaster.plMST">
      <Filter>Assets\Data\Master</Filter>
    </None>
    <None Include="Assets\Data\Spritesheet\Obelisk.plSPS">
      <Filter>Assets\Data\Spritesheet</Filter>
    </None>
    <None Include="Assets\Data\Spritesheet\Magicball.plSPS">
      <Filter>Assets\Data\Spritesheet</Filter>
    </None>
    <None Include="Assets\Data\Spritesheet\Sphinx.plSPS">
      <Filter>Assets\Data\Spritesheet</Filter>
    </None>
    <None Include="Assets\Data\Collision\Mummy2Collision.plCOL">
      <Filter>Assets\Data\Collision</Filter>
    </None>
    <None Include="Assets\Data\Level\Mummy2Level.plLVL">
      <Filter>Assets\Data\Level</Filter>
    </None>
    <None Include="Assets\Data\Render\Mummy2Tile.plTLM">
      <Filter>Assets\Data\Render</Filter>
    </None>
    <None Include="Assets\Data\Render\Mummy2Ground.plLFG">
      <Filter>Assets\Data\Render</Filter>
    </None>
    <None Include="Assets\Data\Event\Mummy2Event.plEVT">
      <Filter>Assets\Data\Event</Filter>
    </None>
    <None Include="Assets\Data\Menu\Results.plMNU">
      <Filter>Assets\Data\Menu</Filter>
    </None>
    <None Include="Assets\Data\Spritesheet\Bandage.plSPS">
      <Filter>Assets\Data\Spritesheet</Filter>
    </None>
    <None Include="Assets\Data\Spritesheet\Pharaoh.plSPS">
      <Filter>Assets\Data\Spritesheet</Filter>
    </None>
    <None Include="Assets\Data\Spritesheet\MummySpikes.plSPS">
      <Filter>Assets\Data\Spritesheet</Filter>
    </None>
    <None Include="Assets\Data\Spritesheet\Empty48.plSPS">
      <Filter>Assets\Data\Spritesheet</Filter>
    </None>
    <None Include="Assets\Data\Spritesheet\Cat.plSPS">
      <Filter>Assets\Data\Spritesheet</Filter>
    </None>
    <None Include="Assets\Data\Event\MummyBossEvent.plEVT">
      <Filter>Assets\Data\Event</Filter>
    </None>
    <None Include="Assets\Data\Level\MummyBossLevel.plLVL">
      <Filter>Assets\Data\Level</Filter>
    </None>
    <None Include="Assets\Data\Collision\MummyBossCollision.plCOL">
      <Filter>Assets\Data\Collision</Filter>
    </None>
    <None Include="Assets\Data\Render\MummyBossGround.plLFG">
      <Filter>Assets\Data\Render</Filter>
    </None>
    <None Include="Assets\Data\Render\MummyBossTile.plTLM">
      <Filter>Assets\Data\Render</Filter>
    </None>
    <None Include="Assets\Data\Master\MummyBossMaster.plMST">
      <Filter>Assets\Data\Master</Filter>
    </None>
    <None Include="Assets\Data\Spritesheet\MummyShoot.plSPS">
      <Filter>Assets\Data\Spritesheet</Filter>
    </None>
    <None Include="Assets\Data\Spritesheet\MummyRun.plSPS">
      <Filter>Assets\Data\Spritesheet</Filter>
    </None>
    <None Include="Assets\Data\Collision\Factory2Collision.plCOL">
      <Filter>Assets\Data\Collision</Filter>
    </None>
    <None Include="Assets\Data\Collision\FactoryCollision.plCOL">
      <Filter>Assets\Data\Collision</Filter>
    </None>
    <None Include="Assets\Data\Level\Factory2Level.plLVL">
      <Filter>Assets\Data\Level</Filter>
    </None>
    <None Include="Assets\Data\Level\FactoryLevel.plLVL">
      <Filter>Assets\Data\Level</Filter>
    </None>
    <None Include="Assets\Data\Render\Factory2Ground.plLFG">
      <Filter>Assets\Data\Render</Filter>
    </None>
    <None Include="Assets\Data\Render\Factory2Tile.plTLM">
      <Filter>Assets\Data\Render</Filter>
    </None>
    <None Include="Assets\Data\Render\FactoryGround.plLFG">
      <Filter>Assets\Data\Render</Filter>
    </None>
    <None Include="Assets\Data\Render\FactoryTile.plTLM">
      <Filter>Assets\Data\Render</Filter>
    </None>
    <None Include="Assets\Data\Event\FactoryEvent.plEVT">
      <Filter>Assets\Data\Event</Filter>
    </None>
    <None Include="Assets\Data\Event\Factory2Event.plEVT">
      <Filter>Assets\Data\Event</Filter>
    </None>
    <None Include="Assets\Data\Master\FactoryMaster.plMST">
      <Filter>Assets\Data\Master</Filter>
    </None>
    <None Include="Assets\Data\Collision\Factory3Collision.plCOL">
      <Filter>Assets\Data\Collision</Filter>
    </None>
    <None Include="Assets\Data\Event\Factory3Event.plEVT">
      <Filter>Assets\Data\Event</Filter>
    </None>
    <None Include="Assets\Data\Level\Factory3Level.plLVL">
      <Filter>Assets\Data\Level</Filter>
    </None>
    <None Include="Assets\Data\Render\Factory3Ground.plLFG">
      <Filter>Assets\Data\Render</Filter>
    </None>
    <None Include="Assets\Data\Render\Factory3Tile.plTLM">
      <Filter>Assets\Data\Render</Filter>
    </None>
    <None Include="Assets\Data\Spritesheet\ConveyorRight.plSPS">
      <Filter>Assets\Data\Spritesheet</Filter>
    </None>
    <None Include="Assets\Data\Spritesheet\ConveyorLeft.plSPS">
      <Filter>Assets\Data\Spritesheet</Filter>
    </None>
    <None Include="Assets\Data\Master\Uzi.plWPN">
      <Filter>Assets\Data\Master</Filter>
    </None>
    <None Include="Assets\Data\Master\Magnum.plWPN">
      <Filter>Assets\Data\Master</Filter>
    </None>
    <None Include="Assets\Data\Collision\Factory5Collision.plCOL">
      <Filter>Assets\Data\Collision</Filter>
    </None>
    <None Include="Assets\Data\Event\Factory5Event.plEVT">
      <Filter>Assets\Data\Event</Filter>
    </None>
    <None Include="Assets\Data\Level\Factory5Level.plLVL">
      <Filter>Assets\Data\Level</Filter>
    </None>
    <None Include="Assets\Data\Render\Factory5Ground.plLFG">
      <Filter>Assets\Data\Render</Filter>
    </None>
    <None Include="Assets\Data\Render\Factory5Tile.plTLM">
      <Filter>Assets\Data\Render</Filter>
    </None>
    <None Include="Assets\Data\Collision\Factory4Collision.plCOL">
      <Filter>Assets\Data\Collision</Filter>
    </None>
    <None Include="Assets\Data\Event\Factory4Event.plEVT">
      <Filter>Assets\Data\Event</Filter>
    </None>
    <None Include="Assets\Data\Level\Factory4Level.plLVL">
      <Filter>Assets\Data\Level</Filter>
    </None>
    <None Include="Assets\Data\Render\Factory4Ground.plLFG">
      <Filter>Assets\Data\Render</Filter>
    </None>
    <None Include="Assets\Data\Render\Factory4Tile.plTLM">
      <Filter>Assets\Data\Render</Filter>
    </None>
    <None Include="Assets\Data\Spritesheet\Sprinkler.plSPS">
      <Filter>Assets\Data\Spritesheet</Filter>
    </None>
    <None Include="Assets\Data\Spritesheet\LatexDrop.plSPS">
      <Filter>Assets\Data\Spritesheet</Filter>
    </None>
    <None Include="Assets\Data\Menu\CharacterSelect.plMNU">
      <Filter>Assets\Data\Menu</Filter>
    </None>
    <None Include="Assets\Data\Collision\FactoryBossCollision.plCOL">
      <Filter>Assets\Data\Collision</Filter>
    </None>
    <None Include="Assets\Data\Event\FactoryBossEvent.plEVT">
      <Filter>Assets\Data\Event</Filter>
    </None>
    <None Include="Assets\Data\Level\FactoryBossLevel.plLVL">
      <Filter>Assets\Data\Level</Filter>
    </None>
    <None Include="Assets\Data\Render\FactoryBossGround.plLFG">
      <Filter>Assets\Data\Render</Filter>
    </None>
    <None Include="Assets\Data\Render\FactoryBossTile.plTLM">
      <Filter>Assets\Data\Render</Filter>
    </None>
    <None Include="Assets\Data\Spritesheet\FactoryBot.plSPS">
      <Filter>Assets\Data\Spritesheet</Filter>
    </None>
    <None Include="Assets\Data\Spritesheet\Soldier.plSPS">
      <Filter>Assets\Data\Spritesheet</Filter>
    </None>
    <None Include="Assets\Data\Spritesheet\LatexBlob.plSPS">
      <Filter>Assets\Data\Spritesheet</Filter>
    </None>
    <None Include="Assets\Data\Spritesheet\MarchionessHover.plSPS">
      <Filter>Assets\Data\Spritesheet</Filter>
    </None>
    <None Include="Assets\Data\Master\FactoryBossMaster.plMST">
      <Filter>Assets\Data\Master</Filter>
    </None>
    <None Include="Assets\Data\Spritesheet\SpawnTunnel.plSPS">
      <Filter>Assets\Data\Spritesheet</Filter>
    </None>
    <None Include="Saves\Progress.plPRG">
      <Filter>Saves</Filter>
    </None>
    <None Include="Saves\Genny.plSAV">
      <Filter>Saves</Filter>
    </None>
  </ItemGroup>
  <ItemGroup>
    <ResourceCompile Include="Platformer.rc">
      <Filter>Resource Files</Filter>
    </ResourceCompile>
  </ItemGroup>
  <ItemGroup>
    <Image Include="Assets\Images\Avatar.ico">
      <Filter>Resource Files</Filter>
    </Image>
  </ItemGroup>
</Project>